# @generated by Move, please check-in and do not edit manually.

[move]
version = 2
manifest_digest = "98CE10E2C5E203F7438EAA411EFBF16F07D7416D40A1CB82EF7FD48598A3C4D7"
deps_digest = "F8BBB0CCB2491CA29A3DF03D6F92277A4F3574266507ACD77214D37ECA3F3082"
dependencies = [
  { name = "Sui" },
]

[[move.package]]
name = "MoveStdlib"
source = { git = "https://github.com/MystenLabs/sui.git", rev = "framework/testnet", subdir = "crates/sui-framework/packages/move-stdlib" }

[[move.package]]
name = "Sui"
source = { git = "https://github.com/MystenLabs/sui.git", rev = "framework/testnet", subdir = "crates/sui-framework/packages/sui-framework" }

dependencies = [
  { name = "MoveStdlib" },
]

[move.toolchain-version]
compiler-version = "1.33.0"
edition = "2024.beta"
flavor = "sui"

[env]

[env.testnet]
chain-id = "4c78adac"
original-published-id = "0x863c80557228157d0b5870ef08e0d1db0a8ddf052aecb7377917c5c3ad91b37b"
latest-published-id = "0x863c80557228157d0b5870ef08e0d1db0a8ddf052aecb7377917c5c3ad91b37b"
published-version = "1"
